
Microsoft Visual Studio Solution File, Format Version 12.00
# Visual Studio Version 17
VisualStudioVersion = 17.1.32414.318
MinimumVisualStudioVersion = 10.0.40219.1
Project("{9A19103F-16F7-4668-BE54-9A1E7A4F7556}") = "AppointmentTDD.Entities", "AppointmentTDD.Entities\AppointmentTDD.Entities.csproj", "{F99A255D-DB2E-4BE7-B463-3582DB8B2BDE}"
EndProject
Project("{9A19103F-16F7-4668-BE54-9A1E7A4F7556}") = "AppointmentTDD.Infrastructure", "AppointmentTDD.Infrastructure\AppointmentTDD.Infrastructure.csproj", "{E75CB5B6-3188-4295-90B1-2C420DFF6902}"
EndProject
Project("{9A19103F-16F7-4668-BE54-9A1E7A4F7556}") = "AppointmentTDD.Migrations", "AppointmentTDD.Migrations\AppointmentTDD.Migrations.csproj", "{4937527C-05A0-4562-9AC7-FF480E311978}"
EndProject
Project("{9A19103F-16F7-4668-BE54-9A1E7A4F7556}") = "AppointmentTDD.Persistence.EF", "AppointmentTDD.Persistence\AppointmentTDD.Persistence.EF.csproj", "{1E3B9E4B-DB7E-4416-AA63-CD7C9ADD055D}"
EndProject
Project("{9A19103F-16F7-4668-BE54-9A1E7A4F7556}") = "AppointmentTDD.Services", "AppointmentTDD.Services\AppointmentTDD.Services.csproj", "{E2382AF1-B7BA-417B-BEE0-2F71A7740B84}"
EndProject
Project("{9A19103F-16F7-4668-BE54-9A1E7A4F7556}") = "AppointmentTDD.RestAPI", "AppointmentTDD.RestAPI\AppointmentTDD.RestAPI.csproj", "{FFCFD770-3D97-41B4-B052-58A0C5D3E852}"
EndProject
Project("{2150E333-8FDC-42A3-9474-1A3956D46DE8}") = "tests", "tests", "{BEB397E9-B98D-4F83-825D-EA081B2DEAD8}"
EndProject
Project("{9A19103F-16F7-4668-BE54-9A1E7A4F7556}") = "AppointmentTDD.Services.Test.Unit", "AppointmentTDD.Services.Test.Unit\AppointmentTDD.Services.Test.Unit.csproj", "{37FA54A1-BA89-4FC3-A354-0E156C6026EE}"
EndProject
Project("{FAE04EC0-301F-11D3-BF4B-00C04F79EFBC}") = "AppointmentTDD.Tests.Tools", "AppointmentTDD.Tests.Tools\AppointmentTDD.Tests.Tools.csproj", "{8B3AEA03-9DAB-4EDC-84B8-200F75E274E5}"
EndProject
Global
	GlobalSection(SolutionConfigurationPlatforms) = preSolution
		Debug|Any CPU = Debug|Any CPU
		Release|Any CPU = Release|Any CPU
	EndGlobalSection
	GlobalSection(ProjectConfigurationPlatforms) = postSolution
		{F99A255D-DB2E-4BE7-B463-3582DB8B2BDE}.Debug|Any CPU.ActiveCfg = Debug|Any CPU
		{F99A255D-DB2E-4BE7-B463-3582DB8B2BDE}.Debug|Any CPU.Build.0 = Debug|Any CPU
		{F99A255D-DB2E-4BE7-B463-3582DB8B2BDE}.Release|Any CPU.ActiveCfg = Release|Any CPU
		{F99A255D-DB2E-4BE7-B463-3582DB8B2BDE}.Release|Any CPU.Build.0 = Release|Any CPU
		{E75CB5B6-3188-4295-90B1-2C420DFF6902}.Debug|Any CPU.ActiveCfg = Debug|Any CPU
		{E75CB5B6-3188-4295-90B1-2C420DFF6902}.Debug|Any CPU.Build.0 = Debug|Any CPU
		{E75CB5B6-3188-4295-90B1-2C420DFF6902}.Release|Any CPU.ActiveCfg = Release|Any CPU
		{E75CB5B6-3188-4295-90B1-2C420DFF6902}.Release|Any CPU.Build.0 = Release|Any CPU
		{4937527C-05A0-4562-9AC7-FF480E311978}.Debug|Any CPU.ActiveCfg = Debug|Any CPU
		{4937527C-05A0-4562-9AC7-FF480E311978}.Debug|Any CPU.Build.0 = Debug|Any CPU
		{4937527C-05A0-4562-9AC7-FF480E311978}.Release|Any CPU.ActiveCfg = Release|Any CPU
		{4937527C-05A0-4562-9AC7-FF480E311978}.Release|Any CPU.Build.0 = Release|Any CPU
		{1E3B9E4B-DB7E-4416-AA63-CD7C9ADD055D}.Debug|Any CPU.ActiveCfg = Debug|Any CPU
		{1E3B9E4B-DB7E-4416-AA63-CD7C9ADD055D}.Debug|Any CPU.Build.0 = Debug|Any CPU
		{1E3B9E4B-DB7E-4416-AA63-CD7C9ADD055D}.Release|Any CPU.ActiveCfg = Release|Any CPU
		{1E3B9E4B-DB7E-4416-AA63-CD7C9ADD055D}.Release|Any CPU.Build.0 = Release|Any CPU
		{E2382AF1-B7BA-417B-BEE0-2F71A7740B84}.Debug|Any CPU.ActiveCfg = Debug|Any CPU
		{E2382AF1-B7BA-417B-BEE0-2F71A7740B84}.Debug|Any CPU.Build.0 = Debug|Any CPU
		{E2382AF1-B7BA-417B-BEE0-2F71A7740B84}.Release|Any CPU.ActiveCfg = Release|Any CPU
		{E2382AF1-B7BA-417B-BEE0-2F71A7740B84}.Release|Any CPU.Build.0 = Release|Any CPU
		{FFCFD770-3D97-41B4-B052-58A0C5D3E852}.Debug|Any CPU.ActiveCfg = Debug|Any CPU
		{FFCFD770-3D97-41B4-B052-58A0C5D3E852}.Debug|Any CPU.Build.0 = Debug|Any CPU
		{FFCFD770-3D97-41B4-B052-58A0C5D3E852}.Release|Any CPU.ActiveCfg = Release|Any CPU
		{FFCFD770-3D97-41B4-B052-58A0C5D3E852}.Release|Any CPU.Build.0 = Release|Any CPU
		{37FA54A1-BA89-4FC3-A354-0E156C6026EE}.Debug|Any CPU.ActiveCfg = Debug|Any CPU
		{37FA54A1-BA89-4FC3-A354-0E156C6026EE}.Debug|Any CPU.Build.0 = Debug|Any CPU
		{37FA54A1-BA89-4FC3-A354-0E156C6026EE}.Release|Any CPU.ActiveCfg = Release|Any CPU
		{37FA54A1-BA89-4FC3-A354-0E156C6026EE}.Release|Any CPU.Build.0 = Release|Any CPU
		{8B3AEA03-9DAB-4EDC-84B8-200F75E274E5}.Debug|Any CPU.ActiveCfg = Debug|Any CPU
		{8B3AEA03-9DAB-4EDC-84B8-200F75E274E5}.Debug|Any CPU.Build.0 = Debug|Any CPU
		{8B3AEA03-9DAB-4EDC-84B8-200F75E274E5}.Release|Any CPU.ActiveCfg = Release|Any CPU
		{8B3AEA03-9DAB-4EDC-84B8-200F75E274E5}.Release|Any CPU.Build.0 = Release|Any CPU
	EndGlobalSection
	GlobalSection(SolutionProperties) = preSolution
		HideSolutionNode = FALSE
	EndGlobalSection
	GlobalSection(NestedProjects) = preSolution
		{37FA54A1-BA89-4FC3-A354-0E156C6026EE} = {BEB397E9-B98D-4F83-825D-EA081B2DEAD8}
		{8B3AEA03-9DAB-4EDC-84B8-200F75E274E5} = {BEB397E9-B98D-4F83-825D-EA081B2DEAD8}
	EndGlobalSection
	GlobalSection(ExtensibilityGlobals) = postSolution
		SolutionGuid = {957CB78A-D1E2-4506-993D-158C2F8703B4}
	EndGlobalSection
EndGlobal
